
Microsoft Visual Studio Solution File, Format Version 12.00
# Visual Studio Version 16
VisualStudioVersion = 16.0.30114.105
MinimumVisualStudioVersion = 10.0.40219.1
Project("{FAE04EC0-301F-11D3-BF4B-00C04F79EFBC}") = "ThesisBank", "ThesisBank\ThesisBank.csproj", "{C1620166-DFC4-4AB6-BBE0-121B3A0264C0}"
EndProject
Project("{FAE04EC0-301F-11D3-BF4B-00C04F79EFBC}") = "Core", "Core\Core.csproj", "{9472F73F-87AE-4445-9672-03F4BC1474A6}"
EndProject
Project("{FAE04EC0-301F-11D3-BF4B-00C04F79EFBC}") = "Entities", "Entities\Entities.csproj", "{427397EF-7F34-4DB3-8022-E0B754EFBE2C}"
EndProject
Project("{FAE04EC0-301F-11D3-BF4B-00C04F79EFBC}") = "Entities.Tests", "Entities.Tests\Entities.Tests.csproj", "{90ABB07F-94BE-423F-901F-849188F14248}"
EndProject
Global
	GlobalSection(SolutionConfigurationPlatforms) = preSolution
		Debug|Any CPU = Debug|Any CPU
		Release|Any CPU = Release|Any CPU
	EndGlobalSection
	GlobalSection(SolutionProperties) = preSolution
		HideSolutionNode = FALSE
	EndGlobalSection
	GlobalSection(ProjectConfigurationPlatforms) = postSolution
		{C1620166-DFC4-4AB6-BBE0-121B3A0264C0}.Debug|Any CPU.ActiveCfg = Debug|Any CPU
		{C1620166-DFC4-4AB6-BBE0-121B3A0264C0}.Debug|Any CPU.Build.0 = Debug|Any CPU
		{C1620166-DFC4-4AB6-BBE0-121B3A0264C0}.Release|Any CPU.ActiveCfg = Release|Any CPU
		{C1620166-DFC4-4AB6-BBE0-121B3A0264C0}.Release|Any CPU.Build.0 = Release|Any CPU
		{9472F73F-87AE-4445-9672-03F4BC1474A6}.Debug|Any CPU.ActiveCfg = Debug|Any CPU
		{9472F73F-87AE-4445-9672-03F4BC1474A6}.Debug|Any CPU.Build.0 = Debug|Any CPU
		{9472F73F-87AE-4445-9672-03F4BC1474A6}.Release|Any CPU.ActiveCfg = Release|Any CPU
		{9472F73F-87AE-4445-9672-03F4BC1474A6}.Release|Any CPU.Build.0 = Release|Any CPU
		{427397EF-7F34-4DB3-8022-E0B754EFBE2C}.Debug|Any CPU.ActiveCfg = Debug|Any CPU
		{427397EF-7F34-4DB3-8022-E0B754EFBE2C}.Debug|Any CPU.Build.0 = Debug|Any CPU
		{427397EF-7F34-4DB3-8022-E0B754EFBE2C}.Release|Any CPU.ActiveCfg = Release|Any CPU
		{427397EF-7F34-4DB3-8022-E0B754EFBE2C}.Release|Any CPU.Build.0 = Release|Any CPU
		{90ABB07F-94BE-423F-901F-849188F14248}.Debug|Any CPU.ActiveCfg = Debug|Any CPU
		{90ABB07F-94BE-423F-901F-849188F14248}.Debug|Any CPU.Build.0 = Debug|Any CPU
		{90ABB07F-94BE-423F-901F-849188F14248}.Release|Any CPU.ActiveCfg = Release|Any CPU
		{90ABB07F-94BE-423F-901F-849188F14248}.Release|Any CPU.Build.0 = Release|Any CPU
	EndGlobalSection
EndGlobal
